// !$*UTF8*$!
{
	archiveVersion = 1;
	classes = {
	};
	objectVersion = 56;
	objects = {

/* Begin PBXBuildFile section */
		6623AC6629D3DA3400FCBEA4 /* Constants.swift in Sources */ = {isa = PBXBuildFile; fileRef = 6623AC6529D3DA3400FCBEA4 /* Constants.swift */; };
		6623AC6829D513E300FCBEA4 /* WelcomeScreenView.swift in Sources */ = {isa = PBXBuildFile; fileRef = 6623AC6729D513E300FCBEA4 /* WelcomeScreenView.swift */; };
		6623AC6A29D536DD00FCBEA4 /* RegisterLoginView.swift in Sources */ = {isa = PBXBuildFile; fileRef = 6623AC6929D536DD00FCBEA4 /* RegisterLoginView.swift */; };
		669A63CE29D2F913008E09C3 /* MyNote_SwiftUIApp.swift in Sources */ = {isa = PBXBuildFile; fileRef = 669A63CD29D2F913008E09C3 /* MyNote_SwiftUIApp.swift */; };
		669A63D029D2F913008E09C3 /* ContentView.swift in Sources */ = {isa = PBXBuildFile; fileRef = 669A63CF29D2F913008E09C3 /* ContentView.swift */; };
		669A63D229D2F914008E09C3 /* Assets.xcassets in Resources */ = {isa = PBXBuildFile; fileRef = 669A63D129D2F914008E09C3 /* Assets.xcassets */; };
		669A63D529D2F914008E09C3 /* Preview Assets.xcassets in Resources */ = {isa = PBXBuildFile; fileRef = 669A63D429D2F914008E09C3 /* Preview Assets.xcassets */; };
		669A63DD29D2FB05008E09C3 /* AddNoteView.swift in Sources */ = {isa = PBXBuildFile; fileRef = 669A63DC29D2FB05008E09C3 /* AddNoteView.swift */; };
		66BE627929DA80B300758276 /* GoogleService-Info.plist in Resources */ = {isa = PBXBuildFile; fileRef = 66BE627829DA80B300758276 /* GoogleService-Info.plist */; };
		66BE627B29DA857600758276 /* ListNoteView.swift in Sources */ = {isa = PBXBuildFile; fileRef = 66BE627A29DA857600758276 /* ListNoteView.swift */; };
		66BE627F29DBBC2D00758276 /* NavigationScreen.swift in Sources */ = {isa = PBXBuildFile; fileRef = 66BE627E29DBBC2D00758276 /* NavigationScreen.swift */; };
		66BE628129DBD1DE00758276 /* Note.swift in Sources */ = {isa = PBXBuildFile; fileRef = 66BE628029DBD1DE00758276 /* Note.swift */; };
		66BE628329DBD23000758276 /* NoteViewModel.swift in Sources */ = {isa = PBXBuildFile; fileRef = 66BE628229DBD23000758276 /* NoteViewModel.swift */; };
		66BE628629DE706400758276 /* DetailView.swift in Sources */ = {isa = PBXBuildFile; fileRef = 66BE628529DE706400758276 /* DetailView.swift */; };
		8292E62FB89B39BEE5200BF3 /* Pods_MyNote_SwiftUI.framework in Frameworks */ = {isa = PBXBuildFile; fileRef = 366C4AE5AA04561C7868F398 /* Pods_MyNote_SwiftUI.framework */; };
/* End PBXBuildFile section */

/* Begin PBXFileReference section */
		366C4AE5AA04561C7868F398 /* Pods_MyNote_SwiftUI.framework */ = {isa = PBXFileReference; explicitFileType = wrapper.framework; includeInIndex = 0; path = Pods_MyNote_SwiftUI.framework; sourceTree = BUILT_PRODUCTS_DIR; };
		422C72106B6D98C9E4B35C18 /* Pods-MyNote-SwiftUI.release.xcconfig */ = {isa = PBXFileReference; includeInIndex = 1; lastKnownFileType = text.xcconfig; name = "Pods-MyNote-SwiftUI.release.xcconfig"; path = "Target Support Files/Pods-MyNote-SwiftUI/Pods-MyNote-SwiftUI.release.xcconfig"; sourceTree = "<group>"; };
		6623AC6529D3DA3400FCBEA4 /* Constants.swift */ = {isa = PBXFileReference; lastKnownFileType = sourcecode.swift; path = Constants.swift; sourceTree = "<group>"; };
		6623AC6729D513E300FCBEA4 /* WelcomeScreenView.swift */ = {isa = PBXFileReference; lastKnownFileType = sourcecode.swift; path = WelcomeScreenView.swift; sourceTree = "<group>"; };
		6623AC6929D536DD00FCBEA4 /* RegisterLoginView.swift */ = {isa = PBXFileReference; lastKnownFileType = sourcecode.swift; path = RegisterLoginView.swift; sourceTree = "<group>"; };
		669A63CA29D2F913008E09C3 /* MyNote-SwiftUI.app */ = {isa = PBXFileReference; explicitFileType = wrapper.application; includeInIndex = 0; path = "MyNote-SwiftUI.app"; sourceTree = BUILT_PRODUCTS_DIR; };
		669A63CD29D2F913008E09C3 /* MyNote_SwiftUIApp.swift */ = {isa = PBXFileReference; lastKnownFileType = sourcecode.swift; path = MyNote_SwiftUIApp.swift; sourceTree = "<group>"; };
		669A63CF29D2F913008E09C3 /* ContentView.swift */ = {isa = PBXFileReference; lastKnownFileType = sourcecode.swift; path = ContentView.swift; sourceTree = "<group>"; };
		669A63D129D2F914008E09C3 /* Assets.xcassets */ = {isa = PBXFileReference; lastKnownFileType = folder.assetcatalog; path = Assets.xcassets; sourceTree = "<group>"; };
		669A63D429D2F914008E09C3 /* Preview Assets.xcassets */ = {isa = PBXFileReference; lastKnownFileType = folder.assetcatalog; path = "Preview Assets.xcassets"; sourceTree = "<group>"; };
		669A63DC29D2FB05008E09C3 /* AddNoteView.swift */ = {isa = PBXFileReference; lastKnownFileType = sourcecode.swift; path = AddNoteView.swift; sourceTree = "<group>"; };
		66BE627829DA80B300758276 /* GoogleService-Info.plist */ = {isa = PBXFileReference; fileEncoding = 4; lastKnownFileType = text.plist.xml; path = "GoogleService-Info.plist"; sourceTree = "<group>"; };
		66BE627A29DA857600758276 /* ListNoteView.swift */ = {isa = PBXFileReference; lastKnownFileType = sourcecode.swift; path = ListNoteView.swift; sourceTree = "<group>"; };
		66BE627E29DBBC2D00758276 /* NavigationScreen.swift */ = {isa = PBXFileReference; lastKnownFileType = sourcecode.swift; path = NavigationScreen.swift; sourceTree = "<group>"; };
		66BE628029DBD1DE00758276 /* Note.swift */ = {isa = PBXFileReference; lastKnownFileType = sourcecode.swift; path = Note.swift; sourceTree = "<group>"; };
		66BE628229DBD23000758276 /* NoteViewModel.swift */ = {isa = PBXFileReference; lastKnownFileType = sourcecode.swift; path = NoteViewModel.swift; sourceTree = "<group>"; };
		66BE628529DE706400758276 /* DetailView.swift */ = {isa = PBXFileReference; lastKnownFileType = sourcecode.swift; path = DetailView.swift; sourceTree = "<group>"; };
		B7DF4440A98F3F1D96E62F7D /* Pods-MyNote-SwiftUI.debug.xcconfig */ = {isa = PBXFileReference; includeInIndex = 1; lastKnownFileType = text.xcconfig; name = "Pods-MyNote-SwiftUI.debug.xcconfig"; path = "Target Support Files/Pods-MyNote-SwiftUI/Pods-MyNote-SwiftUI.debug.xcconfig"; sourceTree = "<group>"; };
/* End PBXFileReference section */

/* Begin PBXFrameworksBuildPhase section */
		669A63C729D2F913008E09C3 /* Frameworks */ = {
			isa = PBXFrameworksBuildPhase;
			buildActionMask = 2147483647;
			files = (
				8292E62FB89B39BEE5200BF3 /* Pods_MyNote_SwiftUI.framework in Frameworks */,
			);
			runOnlyForDeploymentPostprocessing = 0;
		};
/* End PBXFrameworksBuildPhase section */

/* Begin PBXGroup section */
		669A63C129D2F913008E09C3 = {
			isa = PBXGroup;
			children = (
				669A63CC29D2F913008E09C3 /* MyNote-SwiftUI */,
				669A63CB29D2F913008E09C3 /* Products */,
				7A9C7C805AA9E43EAD724C96 /* Pods */,
				E2A2E4294718682FEFF445DF /* Frameworks */,
			);
			sourceTree = "<group>";
		};
		669A63CB29D2F913008E09C3 /* Products */ = {
			isa = PBXGroup;
			children = (
				669A63CA29D2F913008E09C3 /* MyNote-SwiftUI.app */,
			);
			name = Products;
			sourceTree = "<group>";
		};
		669A63CC29D2F913008E09C3 /* MyNote-SwiftUI */ = {
			isa = PBXGroup;
			children = (
				66BE628429DE702500758276 /* ViewModels */,
				66BE627829DA80B300758276 /* GoogleService-Info.plist */,
				669A63DE29D2FE61008E09C3 /* Models */,
				669A63CD29D2F913008E09C3 /* MyNote_SwiftUIApp.swift */,
				669A63DB29D2FA7E008E09C3 /* Views */,
				669A63D129D2F914008E09C3 /* Assets.xcassets */,
				669A63D329D2F914008E09C3 /* Preview Content */,
				6623AC6529D3DA3400FCBEA4 /* Constants.swift */,
				66BE627E29DBBC2D00758276 /* NavigationScreen.swift */,
			);
			path = "MyNote-SwiftUI";
			sourceTree = "<group>";
		};
		669A63D329D2F914008E09C3 /* Preview Content */ = {
			isa = PBXGroup;
			children = (
				669A63D429D2F914008E09C3 /* Preview Assets.xcassets */,
			);
			path = "Preview Content";
			sourceTree = "<group>";
		};
		669A63DB29D2FA7E008E09C3 /* Views */ = {
			isa = PBXGroup;
			children = (
				669A63CF29D2F913008E09C3 /* ContentView.swift */,
				669A63DC29D2FB05008E09C3 /* AddNoteView.swift */,
				6623AC6729D513E300FCBEA4 /* WelcomeScreenView.swift */,
				6623AC6929D536DD00FCBEA4 /* RegisterLoginView.swift */,
				66BE627A29DA857600758276 /* ListNoteView.swift */,
				66BE628529DE706400758276 /* DetailView.swift */,
			);
			path = Views;
			sourceTree = "<group>";
		};
		669A63DE29D2FE61008E09C3 /* Models */ = {
			isa = PBXGroup;
			children = (
				66BE628029DBD1DE00758276 /* Note.swift */,
			);
			path = Models;
			sourceTree = "<group>";
		};
		66BE628429DE702500758276 /* ViewModels */ = {
			isa = PBXGroup;
			children = (
				66BE628229DBD23000758276 /* NoteViewModel.swift */,
			);
			path = ViewModels;
			sourceTree = "<group>";
		};
		7A9C7C805AA9E43EAD724C96 /* Pods */ = {
			isa = PBXGroup;
			children = (
				B7DF4440A98F3F1D96E62F7D /* Pods-MyNote-SwiftUI.debug.xcconfig */,
				422C72106B6D98C9E4B35C18 /* Pods-MyNote-SwiftUI.release.xcconfig */,
			);
			path = Pods;
			sourceTree = "<group>";
		};
		E2A2E4294718682FEFF445DF /* Frameworks */ = {
			isa = PBXGroup;
			children = (
				366C4AE5AA04561C7868F398 /* Pods_MyNote_SwiftUI.framework */,
			);
			name = Frameworks;
			sourceTree = "<group>";
		};
/* End PBXGroup section */

/* Begin PBXNativeTarget section */
		669A63C929D2F913008E09C3 /* MyNote-SwiftUI */ = {
			isa = PBXNativeTarget;
			buildConfigurationList = 669A63D829D2F914008E09C3 /* Build configuration list for PBXNativeTarget "MyNote-SwiftUI" */;
			buildPhases = (
				184E0C28152C687EC2736263 /* [CP] Check Pods Manifest.lock */,
				669A63C629D2F913008E09C3 /* Sources */,
				669A63C729D2F913008E09C3 /* Frameworks */,
				669A63C829D2F913008E09C3 /* Resources */,
				1495404673CC33884932ED93 /* [CP] Embed Pods Frameworks */,
			);
			buildRules = (
			);
			dependencies = (
			);
			name = "MyNote-SwiftUI";
			productName = "MyNote-SwiftUI";
			productReference = 669A63CA29D2F913008E09C3 /* MyNote-SwiftUI.app */;
			productType = "com.apple.product-type.application";
		};
/* End PBXNativeTarget section */

/* Begin PBXProject section */
		669A63C229D2F913008E09C3 /* Project object */ = {
			isa = PBXProject;
			attributes = {
				BuildIndependentTargetsInParallel = 1;
				LastSwiftUpdateCheck = 1410;
				LastUpgradeCheck = 1410;
				TargetAttributes = {
					669A63C929D2F913008E09C3 = {
						CreatedOnToolsVersion = 14.1;
					};
				};
			};
			buildConfigurationList = 669A63C529D2F913008E09C3 /* Build configuration list for PBXProject "MyNote-SwiftUI" */;
			compatibilityVersion = "Xcode 14.0";
			developmentRegion = en;
			hasScannedForEncodings = 0;
			knownRegions = (
				en,
				Base,
			);
			mainGroup = 669A63C129D2F913008E09C3;
			productRefGroup = 669A63CB29D2F913008E09C3 /* Products */;
			projectDirPath = "";
			projectRoot = "";
			targets = (
				669A63C929D2F913008E09C3 /* MyNote-SwiftUI */,
			);
		};
/* End PBXProject section */

/* Begin PBXResourcesBuildPhase section */
		669A63C829D2F913008E09C3 /* Resources */ = {
			isa = PBXResourcesBuildPhase;
			buildActionMask = 2147483647;
			files = (
				669A63D529D2F914008E09C3 /* Preview Assets.xcassets in Resources */,
				669A63D229D2F914008E09C3 /* Assets.xcassets in Resources */,
				66BE627929DA80B300758276 /* GoogleService-Info.plist in Resources */,
			);
			runOnlyForDeploymentPostprocessing = 0;
		};
/* End PBXResourcesBuildPhase section */

/* Begin PBXShellScriptBuildPhase section */
		1495404673CC33884932ED93 /* [CP] Embed Pods Frameworks */ = {
			isa = PBXShellScriptBuildPhase;
			buildActionMask = 2147483647;
			files = (
			);
			inputFileListPaths = (
				"${PODS_ROOT}/Target Support Files/Pods-MyNote-SwiftUI/Pods-MyNote-SwiftUI-frameworks-${CONFIGURATION}-input-files.xcfilelist",
			);
			name = "[CP] Embed Pods Frameworks";
			outputFileListPaths = (
				"${PODS_ROOT}/Target Support Files/Pods-MyNote-SwiftUI/Pods-MyNote-SwiftUI-frameworks-${CONFIGURATION}-output-files.xcfilelist",
			);
			runOnlyForDeploymentPostprocessing = 0;
			shellPath = /bin/sh;
			shellScript = "\"${PODS_ROOT}/Target Support Files/Pods-MyNote-SwiftUI/Pods-MyNote-SwiftUI-frameworks.sh\"\n";
			showEnvVarsInLog = 0;
		};
		184E0C28152C687EC2736263 /* [CP] Check Pods Manifest.lock */ = {
			isa = PBXShellScriptBuildPhase;
			buildActionMask = 2147483647;
			files = (
			);
			inputFileListPaths = (
			);
			inputPaths = (
				"${PODS_PODFILE_DIR_PATH}/Podfile.lock",
				"${PODS_ROOT}/Manifest.lock",
			);
			name = "[CP] Check Pods Manifest.lock";
			outputFileListPaths = (
			);
			outputPaths = (
				"$(DERIVED_FILE_DIR)/Pods-MyNote-SwiftUI-checkManifestLockResult.txt",
			);
			runOnlyForDeploymentPostprocessing = 0;
			shellPath = /bin/sh;
			shellScript = "diff \"${PODS_PODFILE_DIR_PATH}/Podfile.lock\" \"${PODS_ROOT}/Manifest.lock\" > /dev/null\nif [ $? != 0 ] ; then\n    # print error to STDERR\n    echo \"error: The sandbox is not in sync with the Podfile.lock. Run 'pod install' or update your CocoaPods installation.\" >&2\n    exit 1\nfi\n# This output is used by Xcode 'outputs' to avoid re-running this script phase.\necho \"SUCCESS\" > \"${SCRIPT_OUTPUT_FILE_0}\"\n";
			showEnvVarsInLog = 0;
		};
/* End PBXShellScriptBuildPhase section */

/* Begin PBXSourcesBuildPhase section */
		669A63C629D2F913008E09C3 /* Sources */ = {
			isa = PBXSourcesBuildPhase;
			buildActionMask = 2147483647;
			files = (
				66BE628329DBD23000758276 /* NoteViewModel.swift in Sources */,
				6623AC6629D3DA3400FCBEA4 /* Constants.swift in Sources */,
				6623AC6A29D536DD00FCBEA4 /* RegisterLoginView.swift in Sources */,
				66BE627B29DA857600758276 /* ListNoteView.swift in Sources */,
				66BE627F29DBBC2D00758276 /* NavigationScreen.swift in Sources */,
				66BE628629DE706400758276 /* DetailView.swift in Sources */,
				669A63DD29D2FB05008E09C3 /* AddNoteView.swift in Sources */,
				66BE628129DBD1DE00758276 /* Note.swift in Sources */,
				6623AC6829D513E300FCBEA4 /* WelcomeScreenView.swift in Sources */,
				669A63D029D2F913008E09C3 /* ContentView.swift in Sources */,
				669A63CE29D2F913008E09C3 /* MyNote_SwiftUIApp.swift in Sources */,
			);
			runOnlyForDeploymentPostprocessing = 0;
		};
/* End PBXSourcesBuildPhase section */

/* Begin XCBuildConfiguration section */
		669A63D629D2F914008E09C3 /* Debug */ = {
			isa = XCBuildConfiguration;
			buildSettings = {
				ALWAYS_SEARCH_USER_PATHS = NO;
				CLANG_ANALYZER_NONNULL = YES;
				CLANG_ANALYZER_NUMBER_OBJECT_CONVERSION = YES_AGGRESSIVE;
				CLANG_CXX_LANGUAGE_STANDARD = "gnu++20";
				CLANG_ENABLE_MODULES = YES;
				CLANG_ENABLE_OBJC_ARC = YES;
				CLANG_ENABLE_OBJC_WEAK = YES;
				CLANG_WARN_BLOCK_CAPTURE_AUTORELEASING = YES;
				CLANG_WARN_BOOL_CONVERSION = YES;
				CLANG_WARN_COMMA = YES;
				CLANG_WARN_CONSTANT_CONVERSION = YES;
				CLANG_WARN_DEPRECATED_OBJC_IMPLEMENTATIONS = YES;
				CLANG_WARN_DIRECT_OBJC_ISA_USAGE = YES_ERROR;
				CLANG_WARN_DOCUMENTATION_COMMENTS = YES;
				CLANG_WARN_EMPTY_BODY = YES;
				CLANG_WARN_ENUM_CONVERSION = YES;
				CLANG_WARN_INFINITE_RECURSION = YES;
				CLANG_WARN_INT_CONVERSION = YES;
				CLANG_WARN_NON_LITERAL_NULL_CONVERSION = YES;
				CLANG_WARN_OBJC_IMPLICIT_RETAIN_SELF = YES;
				CLANG_WARN_OBJC_LITERAL_CONVERSION = YES;
				CLANG_WARN_OBJC_ROOT_CLASS = YES_ERROR;
				CLANG_WARN_QUOTED_INCLUDE_IN_FRAMEWORK_HEADER = YES;
				CLANG_WARN_RANGE_LOOP_ANALYSIS = YES;
				CLANG_WARN_STRICT_PROTOTYPES = YES;
				CLANG_WARN_SUSPICIOUS_MOVE = YES;
				CLANG_WARN_UNGUARDED_AVAILABILITY = YES_AGGRESSIVE;
				CLANG_WARN_UNREACHABLE_CODE = YES;
				CLANG_WARN__DUPLICATE_METHOD_MATCH = YES;
				COPY_PHASE_STRIP = NO;
				DEBUG_INFORMATION_FORMAT = dwarf;
				ENABLE_STRICT_OBJC_MSGSEND = YES;
				ENABLE_TESTABILITY = YES;
				GCC_C_LANGUAGE_STANDARD = gnu11;
				GCC_DYNAMIC_NO_PIC = NO;
				GCC_NO_COMMON_BLOCKS = YES;
				GCC_OPTIMIZATION_LEVEL = 0;
				GCC_PREPROCESSOR_DEFINITIONS = (
					"DEBUG=1",
					"$(inherited)",
				);
				GCC_WARN_64_TO_32_BIT_CONVERSION = YES;
				GCC_WARN_ABOUT_RETURN_TYPE = YES_ERROR;
				GCC_WARN_UNDECLARED_SELECTOR = YES;
				GCC_WARN_UNINITIALIZED_AUTOS = YES_AGGRESSIVE;
				GCC_WARN_UNUSED_FUNCTION = YES;
				GCC_WARN_UNUSED_VARIABLE = YES;
				IPHONEOS_DEPLOYMENT_TARGET = 16.1;
				MTL_ENABLE_DEBUG_INFO = INCLUDE_SOURCE;
				MTL_FAST_MATH = YES;
				ONLY_ACTIVE_ARCH = YES;
				SDKROOT = iphoneos;
				SWIFT_ACTIVE_COMPILATION_CONDITIONS = DEBUG;
				SWIFT_OPTIMIZATION_LEVEL = "-Onone";
			};
			name = Debug;
		};
		669A63D729D2F914008E09C3 /* Release */ = {
			isa = XCBuildConfiguration;
			buildSettings = {
				ALWAYS_SEARCH_USER_PATHS = NO;
				CLANG_ANALYZER_NONNULL = YES;
				CLANG_ANALYZER_NUMBER_OBJECT_CONVERSION = YES_AGGRESSIVE;
				CLANG_CXX_LANGUAGE_STANDARD = "gnu++20";
				CLANG_ENABLE_MODULES = YES;
				CLANG_ENABLE_OBJC_ARC = YES;
				CLANG_ENABLE_OBJC_WEAK = YES;
				CLANG_WARN_BLOCK_CAPTURE_AUTORELEASING = YES;
				CLANG_WARN_BOOL_CONVERSION = YES;
				CLANG_WARN_COMMA = YES;
				CLANG_WARN_CONSTANT_CONVERSION = YES;
				CLANG_WARN_DEPRECATED_OBJC_IMPLEMENTATIONS = YES;
				CLANG_WARN_DIRECT_OBJC_ISA_USAGE = YES_ERROR;
				CLANG_WARN_DOCUMENTATION_COMMENTS = YES;
				CLANG_WARN_EMPTY_BODY = YES;
				CLANG_WARN_ENUM_CONVERSION = YES;
				CLANG_WARN_INFINITE_RECURSION = YES;
				CLANG_WARN_INT_CONVERSION = YES;
				CLANG_WARN_NON_LITERAL_NULL_CONVERSION = YES;
				CLANG_WARN_OBJC_IMPLICIT_RETAIN_SELF = YES;
				CLANG_WARN_OBJC_LITERAL_CONVERSION = YES;
				CLANG_WARN_OBJC_ROOT_CLASS = YES_ERROR;
				CLANG_WARN_QUOTED_INCLUDE_IN_FRAMEWORK_HEADER = YES;
				CLANG_WARN_RANGE_LOOP_ANALYSIS = YES;
				CLANG_WARN_STRICT_PROTOTYPES = YES;
				CLANG_WARN_SUSPICIOUS_MOVE = YES;
				CLANG_WARN_UNGUARDED_AVAILABILITY = YES_AGGRESSIVE;
				CLANG_WARN_UNREACHABLE_CODE = YES;
				CLANG_WARN__DUPLICATE_METHOD_MATCH = YES;
				COPY_PHASE_STRIP = NO;
				DEBUG_INFORMATION_FORMAT = "dwarf-with-dsym";
				ENABLE_NS_ASSERTIONS = NO;
				ENABLE_STRICT_OBJC_MSGSEND = YES;
				GCC_C_LANGUAGE_STANDARD = gnu11;
				GCC_NO_COMMON_BLOCKS = YES;
				GCC_WARN_64_TO_32_BIT_CONVERSION = YES;
				GCC_WARN_ABOUT_RETURN_TYPE = YES_ERROR;
				GCC_WARN_UNDECLARED_SELECTOR = YES;
				GCC_WARN_UNINITIALIZED_AUTOS = YES_AGGRESSIVE;
				GCC_WARN_UNUSED_FUNCTION = YES;
				GCC_WARN_UNUSED_VARIABLE = YES;
				IPHONEOS_DEPLOYMENT_TARGET = 16.1;
				MTL_ENABLE_DEBUG_INFO = NO;
				MTL_FAST_MATH = YES;
				SDKROOT = iphoneos;
				SWIFT_COMPILATION_MODE = wholemodule;
				SWIFT_OPTIMIZATION_LEVEL = "-O";
				VALIDATE_PRODUCT = YES;
			};
			name = Release;
		};
		669A63D929D2F914008E09C3 /* Debug */ = {
			isa = XCBuildConfiguration;
			baseConfigurationReference = B7DF4440A98F3F1D96E62F7D /* Pods-MyNote-SwiftUI.debug.xcconfig */;
			buildSettings = {
				ASSETCATALOG_COMPILER_APPICON_NAME = AppIcon;
				ASSETCATALOG_COMPILER_GLOBAL_ACCENT_COLOR_NAME = AccentColor;
				CODE_SIGN_STYLE = Automatic;
				CURRENT_PROJECT_VERSION = 1;
				DEVELOPMENT_ASSET_PATHS = "\"MyNote-SwiftUI/Preview Content\"";
				DEVELOPMENT_TEAM = 7A23WML6PZ;
				ENABLE_PREVIEWS = YES;
				GENERATE_INFOPLIST_FILE = YES;
				INFOPLIST_KEY_UIApplicationSceneManifest_Generation = YES;
				INFOPLIST_KEY_UIApplicationSupportsIndirectInputEvents = YES;
				INFOPLIST_KEY_UILaunchScreen_Generation = YES;
				INFOPLIST_KEY_UISupportedInterfaceOrientations_iPad = "UIInterfaceOrientationPortrait UIInterfaceOrientationPortraitUpsideDown UIInterfaceOrientationLandscapeLeft UIInterfaceOrientationLandscapeRight";
				INFOPLIST_KEY_UISupportedInterfaceOrientations_iPhone = "UIInterfaceOrientationPortrait UIInterfaceOrientationLandscapeLeft UIInterfaceOrientationLandscapeRight";
				LD_RUNPATH_SEARCH_PATHS = (
					"$(inherited)",
					"@executable_path/Frameworks",
				);
				MARKETING_VERSION = 1.0;
				PRODUCT_BUNDLE_IDENTIFIER = "com.pandekar.MyNote-SwiftUI";
				PRODUCT_NAME = "$(TARGET_NAME)";
				SWIFT_EMIT_LOC_STRINGS = YES;
				SWIFT_VERSION = 5.0;
				TARGETED_DEVICE_FAMILY = "1,2";
			};
			name = Debug;
		};
		669A63DA29D2F914008E09C3 /* Release */ = {
			isa = XCBuildConfiguration;
			baseConfigurationReference = 422C72106B6D98C9E4B35C18 /* Pods-MyNote-SwiftUI.release.xcconfig */;
			buildSettings = {
				ASSETCATALOG_COMPILER_APPICON_NAME = AppIcon;
				ASSETCATALOG_COMPILER_GLOBAL_ACCENT_COLOR_NAME = AccentColor;
				CODE_SIGN_STYLE = Automatic;
				CURRENT_PROJECT_VERSION = 1;
				DEVELOPMENT_ASSET_PATHS = "\"MyNote-SwiftUI/Preview Content\"";
				DEVELOPMENT_TEAM = 7A23WML6PZ;
				ENABLE_PREVIEWS = YES;
				GENERATE_INFOPLIST_FILE = YES;
				INFOPLIST_KEY_UIApplicationSceneManifest_Generation = YES;
				INFOPLIST_KEY_UIApplicationSupportsIndirectInputEvents = YES;
				INFOPLIST_KEY_UILaunchScreen_Generation = YES;
				INFOPLIST_KEY_UISupportedInterfaceOrientations_iPad = "UIInterfaceOrientationPortrait UIInterfaceOrientationPortraitUpsideDown UIInterfaceOrientationLandscapeLeft UIInterfaceOrientationLandscapeRight";
				INFOPLIST_KEY_UISupportedInterfaceOrientations_iPhone = "UIInterfaceOrientationPortrait UIInterfaceOrientationLandscapeLeft UIInterfaceOrientationLandscapeRight";
				LD_RUNPATH_SEARCH_PATHS = (
					"$(inherited)",
					"@executable_path/Frameworks",
				);
				MARKETING_VERSION = 1.0;
				PRODUCT_BUNDLE_IDENTIFIER = "com.pandekar.MyNote-SwiftUI";
				PRODUCT_NAME = "$(TARGET_NAME)";
				SWIFT_EMIT_LOC_STRINGS = YES;
				SWIFT_VERSION = 5.0;
				TARGETED_DEVICE_FAMILY = "1,2";
			};
			name = Release;
		};
/* End XCBuildConfiguration section */

/* Begin XCConfigurationList section */
		669A63C529D2F913008E09C3 /* Build configuration list for PBXProject "MyNote-SwiftUI" */ = {
			isa = XCConfigurationList;
			buildConfigurations = (
				669A63D629D2F914008E09C3 /* Debug */,
				669A63D729D2F914008E09C3 /* Release */,
			);
			defaultConfigurationIsVisible = 0;
			defaultConfigurationName = Release;
		};
		669A63D829D2F914008E09C3 /* Build configuration list for PBXNativeTarget "MyNote-SwiftUI" */ = {
			isa = XCConfigurationList;
			buildConfigurations = (
				669A63D929D2F914008E09C3 /* Debug */,
				669A63DA29D2F914008E09C3 /* Release */,
			);
			defaultConfigurationIsVisible = 0;
			defaultConfigurationName = Release;
		};
/* End XCConfigurationList section */
	};
	rootObject = 669A63C229D2F913008E09C3 /* Project object */;
}
